
Microsoft Visual Studio Solution File, Format Version 12.00
# Visual Studio 15
VisualStudioVersion = 15.0.28010.2036
MinimumVisualStudioVersion = 10.0.40219.1
Project("{9A19103F-16F7-4668-BE54-9A1E7A4F7556}") = "StockExchanges.Web", "StockExchanges.Web\StockExchanges.Web.csproj", "{496C97E7-D8DD-4E38-ACA8-6FDCCEAC1184}"
EndProject
Project("{9A19103F-16F7-4668-BE54-9A1E7A4F7556}") = "StockExchanges.Service", "StockExchanges.Service\StockExchanges.Service.csproj", "{55FBB696-9EAC-4DF1-A56C-E7F36412D79B}"
EndProject
Project("{9A19103F-16F7-4668-BE54-9A1E7A4F7556}") = "StockExchanges.Common", "StockExchanges.Common\StockExchanges.Common.csproj", "{377B4B99-FF11-4625-AA0D-8A7BAD389EE8}"
EndProject
Project("{9A19103F-16F7-4668-BE54-9A1E7A4F7556}") = "StockExchanges.Test", "StockExchanges.Test\StockExchanges.Test.csproj", "{BCF1E674-DB63-4BD7-9A07-34CB655A4EAF}"
EndProject
Project("{FAE04EC0-301F-11D3-BF4B-00C04F79EFBC}") = "StockExchanges.Model", "StockExchanges.Model\StockExchanges.Model.csproj", "{65FFF4BC-E191-4093-8AE1-0BEA4D090188}"
EndProject
Project("{FAE04EC0-301F-11D3-BF4B-00C04F79EFBC}") = "StockExchanges.Repository", "StockExchanges.Repository\StockExchanges.Repository.csproj", "{5F1019F8-5891-49BB-B507-A08413B8B01D}"
EndProject
Global
	GlobalSection(SolutionConfigurationPlatforms) = preSolution
		Debug|Any CPU = Debug|Any CPU
		Release|Any CPU = Release|Any CPU
	EndGlobalSection
	GlobalSection(ProjectConfigurationPlatforms) = postSolution
		{496C97E7-D8DD-4E38-ACA8-6FDCCEAC1184}.Debug|Any CPU.ActiveCfg = Debug|Any CPU
		{496C97E7-D8DD-4E38-ACA8-6FDCCEAC1184}.Debug|Any CPU.Build.0 = Debug|Any CPU
		{496C97E7-D8DD-4E38-ACA8-6FDCCEAC1184}.Release|Any CPU.ActiveCfg = Release|Any CPU
		{496C97E7-D8DD-4E38-ACA8-6FDCCEAC1184}.Release|Any CPU.Build.0 = Release|Any CPU
		{55FBB696-9EAC-4DF1-A56C-E7F36412D79B}.Debug|Any CPU.ActiveCfg = Debug|Any CPU
		{55FBB696-9EAC-4DF1-A56C-E7F36412D79B}.Debug|Any CPU.Build.0 = Debug|Any CPU
		{55FBB696-9EAC-4DF1-A56C-E7F36412D79B}.Release|Any CPU.ActiveCfg = Release|Any CPU
		{55FBB696-9EAC-4DF1-A56C-E7F36412D79B}.Release|Any CPU.Build.0 = Release|Any CPU
		{377B4B99-FF11-4625-AA0D-8A7BAD389EE8}.Debug|Any CPU.ActiveCfg = Debug|Any CPU
		{377B4B99-FF11-4625-AA0D-8A7BAD389EE8}.Debug|Any CPU.Build.0 = Debug|Any CPU
		{377B4B99-FF11-4625-AA0D-8A7BAD389EE8}.Release|Any CPU.ActiveCfg = Release|Any CPU
		{377B4B99-FF11-4625-AA0D-8A7BAD389EE8}.Release|Any CPU.Build.0 = Release|Any CPU
		{BCF1E674-DB63-4BD7-9A07-34CB655A4EAF}.Debug|Any CPU.ActiveCfg = Debug|Any CPU
		{BCF1E674-DB63-4BD7-9A07-34CB655A4EAF}.Debug|Any CPU.Build.0 = Debug|Any CPU
		{BCF1E674-DB63-4BD7-9A07-34CB655A4EAF}.Release|Any CPU.ActiveCfg = Release|Any CPU
		{BCF1E674-DB63-4BD7-9A07-34CB655A4EAF}.Release|Any CPU.Build.0 = Release|Any CPU
		{65FFF4BC-E191-4093-8AE1-0BEA4D090188}.Debug|Any CPU.ActiveCfg = Debug|Any CPU
		{65FFF4BC-E191-4093-8AE1-0BEA4D090188}.Debug|Any CPU.Build.0 = Debug|Any CPU
		{65FFF4BC-E191-4093-8AE1-0BEA4D090188}.Release|Any CPU.ActiveCfg = Release|Any CPU
		{65FFF4BC-E191-4093-8AE1-0BEA4D090188}.Release|Any CPU.Build.0 = Release|Any CPU
		{5F1019F8-5891-49BB-B507-A08413B8B01D}.Debug|Any CPU.ActiveCfg = Debug|Any CPU
		{5F1019F8-5891-49BB-B507-A08413B8B01D}.Debug|Any CPU.Build.0 = Debug|Any CPU
		{5F1019F8-5891-49BB-B507-A08413B8B01D}.Release|Any CPU.ActiveCfg = Release|Any CPU
		{5F1019F8-5891-49BB-B507-A08413B8B01D}.Release|Any CPU.Build.0 = Release|Any CPU
	EndGlobalSection
	GlobalSection(SolutionProperties) = preSolution
		HideSolutionNode = FALSE
	EndGlobalSection
	GlobalSection(ExtensibilityGlobals) = postSolution
		SolutionGuid = {70AF16D0-512F-43CD-A41F-BA14F174D29F}
	EndGlobalSection
EndGlobal
